{
  "nodes": {
    "nixpkgs": {
      "locked": {
        "lastModified": 1764689971,
        "narHash": "sha256-IDYTmBc1tzyRUZE+LYPx0qr94iCJJvTNUIUC+iojsIE=",
        "owner": "NixOS",
        "repo": "nixpkgs",
        "rev": "d9f5ca82eca6babd4cfee2578577c111f1383bab",
        "type": "github"
      },
      "original": {
        "owner": "NixOS",
        "repo": "nixpkgs",
        "type": "github"
      }
    },
    "root": {
      "inputs": {
        "nixpkgs": "nixpkgs"
      }
    }
  },
  "root": "root",
  "version": 7
}
