{
  "nodes": {
    "nixpkgs": {
      "locked": {
        "lastModified": 1764501890,
        "narHash": "sha256-brWXm43xzFu1m+wf9mooQAB9Yt1G6S5rNDcvvNwQXaE=",
        "owner": "NixOS",
        "repo": "nixpkgs",
        "rev": "79a7cb8ed501d2b9cfe2dd5c0b20127e61919b92",
        "type": "github"
      },
      "original": {
        "owner": "NixOS",
        "repo": "nixpkgs",
        "type": "github"
      }
    },
    "root": {
      "inputs": {
        "nixpkgs": "nixpkgs"
      }
    }
  },
  "root": "root",
  "version": 7
}
